
Microsoft Visual Studio Solution File, Format Version 12.00
# Visual Studio Version 16
VisualStudioVersion = 16.0.29509.3
MinimumVisualStudioVersion = 10.0.40219.1
Project("{2150E333-8FDC-42A3-9474-1A3956D46DE8}") = "src", "src", "{C02B54AB-A96B-4D0B-8F5E-2C7432ADB98E}"
EndProject
Project("{2150E333-8FDC-42A3-9474-1A3956D46DE8}") = "apigateway", "apigateway", "{0E2D421B-C4C1-4BF9-A68B-0754EF0E413E}"
EndProject
Project("{9A19103F-16F7-4668-BE54-9A1E7A4F7556}") = "ApiGateway.API", "src\ApiGateway\ApiGateway.API.csproj", "{41804AAD-EBD4-4FCD-B95D-C7C28165445F}"
EndProject
Project("{2150E333-8FDC-42A3-9474-1A3956D46DE8}") = "services", "services", "{CCA875CF-D538-447C-ADC9-654DE6A2ECC2}"
EndProject
Project("{2150E333-8FDC-42A3-9474-1A3956D46DE8}") = "basket", "basket", "{270B87E6-9DBF-4F5A-89A5-4556B9B8C28D}"
EndProject
Project("{9A19103F-16F7-4668-BE54-9A1E7A4F7556}") = "Basket.API", "src\Services\Basket.Service\Basket.API.csproj", "{35AB6AA4-643E-4377-8C27-F13AD950CAA6}"
EndProject
Project("{2150E333-8FDC-42A3-9474-1A3956D46DE8}") = "catalog", "catalog", "{8CE6A10D-5CD6-4792-B028-1FBD5A3AD6BF}"
EndProject
Project("{2150E333-8FDC-42A3-9474-1A3956D46DE8}") = "ordering", "ordering", "{C3930BB7-2C3D-4858-B3D6-48B47EC4F64D}"
EndProject
Project("{9A19103F-16F7-4668-BE54-9A1E7A4F7556}") = "Catalog.API", "src\Services\Catalog.Service\Catalog.API.csproj", "{262EE615-9410-436A-82D7-12EF7FA22763}"
EndProject
Project("{9A19103F-16F7-4668-BE54-9A1E7A4F7556}") = "Ordering.Domain", "src\Services\Ordering.Domain\Ordering.Domain.csproj", "{CE64B5FE-1D52-442A-9CDC-13C568871FCA}"
EndProject
Project("{9A19103F-16F7-4668-BE54-9A1E7A4F7556}") = "Ordering.API", "src\Services\Ordering.Service\Ordering.API.csproj", "{7011C8D5-9946-4160-967C-775A8919932C}"
EndProject
Project("{2150E333-8FDC-42A3-9474-1A3956D46DE8}") = "ui", "ui", "{48B69F06-3891-423D-80D2-4B8CA59A3B28}"
EndProject
Project("{9A19103F-16F7-4668-BE54-9A1E7A4F7556}") = "MusicStore", "src\UI\MusicStore.csproj", "{BEE91DF6-662C-4EA1-98A5-4DE3ACA410FE}"
EndProject
Project("{2150E333-8FDC-42A3-9474-1A3956D46DE8}") = "buildingblocks", "buildingblocks", "{8B7B1742-8DBF-419D-8A59-2D1EA6BE3BC3}"
	ProjectSection(SolutionItems) = preProject
		src\ApiGateway\Dockerfile = src\ApiGateway\Dockerfile
		src\ApiGateway\Dockerfile.gateway = src\ApiGateway\Dockerfile.gateway
	EndProjectSection
EndProject
Project("{2150E333-8FDC-42A3-9474-1A3956D46DE8}") = "eventbus", "eventbus", "{09726494-2209-4550-B285-E3E65D6787F3}"
EndProject
Project("{2150E333-8FDC-42A3-9474-1A3956D46DE8}") = "restcommunication", "restcommunication", "{187BC570-8FFA-470D-B153-4381DBED178C}"
EndProject
Project("{2150E333-8FDC-42A3-9474-1A3956D46DE8}") = "servicediscovery", "servicediscovery", "{C9A5CD09-F535-4D46-8B78-4ED2CBDC9E9B}"
EndProject
Project("{2150E333-8FDC-42A3-9474-1A3956D46DE8}") = "utilities", "utilities", "{C0B8162A-01D0-4777-8EC8-6733A1D6A55E}"
EndProject
Project("{9A19103F-16F7-4668-BE54-9A1E7A4F7556}") = "EventBus", "src\BuildingBlocks\EventBus\EventBus.csproj", "{A26618C9-727A-4B2B-9460-0515B1C54869}"
EndProject
Project("{9A19103F-16F7-4668-BE54-9A1E7A4F7556}") = "RestCommunication", "src\BuildingBlocks\RestCommunication\RestCommunication.csproj", "{E91377D4-2CA3-4FF2-9F8F-76B10664CBCD}"
EndProject
Project("{9A19103F-16F7-4668-BE54-9A1E7A4F7556}") = "ServiceDiscovery", "src\BuildingBlocks\ServiceDiscovery\ServiceDiscovery.csproj", "{F2DFC0A5-ABFB-4ECB-A648-A821387EEEB8}"
EndProject
Project("{9A19103F-16F7-4668-BE54-9A1E7A4F7556}") = "Utilities", "src\BuildingBlocks\Utilities\Utilities.csproj", "{2FE5ABC8-DB09-4391-AE03-991958DC79D6}"
EndProject
Project("{2150E333-8FDC-42A3-9474-1A3956D46DE8}") = "provisioning", "provisioning", "{87F91000-F71C-4F78-A04B-1D3E04AE801A}"
	ProjectSection(SolutionItems) = preProject
		provisioning\deploymentInfo.json = provisioning\deploymentInfo.json
		provisioning\DeployToAzure.ps1 = provisioning\DeployToAzure.ps1
		..\..\..\..\Users\robvet.NORTHAMERICA\Downloads\microservices (1).json = ..\..\..\..\Users\robvet.NORTHAMERICA\Downloads\microservices (1).json
		provisioning\microservices.json = provisioning\microservices.json
		provisioning\PullUserSecretInfo.ps1 = provisioning\PullUserSecretInfo.ps1
		provisioning\README.md = provisioning\README.md
		provisioning\ScaffoldDockerComposeFile.ps1 = provisioning\ScaffoldDockerComposeFile.ps1
		provisioning\ScaffoldKubernetesYamlFile.ps1 = provisioning\ScaffoldKubernetesYamlFile.ps1
		provisioning\ScaffoldKubernetesYamlFile_Dhub.ps1 = provisioning\ScaffoldKubernetesYamlFile_Dhub.ps1
	EndProjectSection
EndProject
Project("{9A19103F-16F7-4668-BE54-9A1E7A4F7556}") = "Snowflake", "src\BuildingBlocks\Snowflake\Snowflake.csproj", "{DB3008F8-FEB5-4640-88B2-711C3287F833}"
EndProject
Project("{2150E333-8FDC-42A3-9474-1A3956D46DE8}") = "snowflake", "snowflake", "{922057F1-206B-46BF-BE8A-A8B09C00A121}"
EndProject
Project("{9A19103F-16F7-4668-BE54-9A1E7A4F7556}") = "Ordering.Infrastructure.NoSql", "src\Services\Ordering.Infrastructure.NoSql\Ordering.Infrastructure.NoSql.csproj", "{0547BA30-AA20-48C8-BC89-F95E225A1676}"
EndProject
Project("{2150E333-8FDC-42A3-9474-1A3956D46DE8}") = "CommandBus", "CommandBus", "{7771BDC4-52BD-4FA1-B940-6FA772F90A5B}"
EndProject
Project("{9A19103F-16F7-4668-BE54-9A1E7A4F7556}") = "CommandBus", "src\BuildingBlocks\CommandBus\CommandBus.csproj", "{17158B30-8D05-482F-9AF7-AD7131A86AFE}"
EndProject
Global
	GlobalSection(SolutionConfigurationPlatforms) = preSolution
		Debug|Any CPU = Debug|Any CPU
		FullApp|Any CPU = FullApp|Any CPU
		Release|Any CPU = Release|Any CPU
	EndGlobalSection
	GlobalSection(ProjectConfigurationPlatforms) = postSolution
		{41804AAD-EBD4-4FCD-B95D-C7C28165445F}.Debug|Any CPU.ActiveCfg = Debug|Any CPU
		{41804AAD-EBD4-4FCD-B95D-C7C28165445F}.Debug|Any CPU.Build.0 = Debug|Any CPU
		{41804AAD-EBD4-4FCD-B95D-C7C28165445F}.FullApp|Any CPU.ActiveCfg = Debug|Any CPU
		{41804AAD-EBD4-4FCD-B95D-C7C28165445F}.FullApp|Any CPU.Build.0 = Debug|Any CPU
		{41804AAD-EBD4-4FCD-B95D-C7C28165445F}.Release|Any CPU.ActiveCfg = Debug|Any CPU
		{41804AAD-EBD4-4FCD-B95D-C7C28165445F}.Release|Any CPU.Build.0 = Debug|Any CPU
		{35AB6AA4-643E-4377-8C27-F13AD950CAA6}.Debug|Any CPU.ActiveCfg = Debug|Any CPU
		{35AB6AA4-643E-4377-8C27-F13AD950CAA6}.Debug|Any CPU.Build.0 = Debug|Any CPU
		{35AB6AA4-643E-4377-8C27-F13AD950CAA6}.FullApp|Any CPU.ActiveCfg = Debug|Any CPU
		{35AB6AA4-643E-4377-8C27-F13AD950CAA6}.FullApp|Any CPU.Build.0 = Debug|Any CPU
		{35AB6AA4-643E-4377-8C27-F13AD950CAA6}.Release|Any CPU.ActiveCfg = Debug|Any CPU
		{35AB6AA4-643E-4377-8C27-F13AD950CAA6}.Release|Any CPU.Build.0 = Debug|Any CPU
		{262EE615-9410-436A-82D7-12EF7FA22763}.Debug|Any CPU.ActiveCfg = Debug|Any CPU
		{262EE615-9410-436A-82D7-12EF7FA22763}.Debug|Any CPU.Build.0 = Debug|Any CPU
		{262EE615-9410-436A-82D7-12EF7FA22763}.FullApp|Any CPU.ActiveCfg = Debug|Any CPU
		{262EE615-9410-436A-82D7-12EF7FA22763}.FullApp|Any CPU.Build.0 = Debug|Any CPU
		{262EE615-9410-436A-82D7-12EF7FA22763}.Release|Any CPU.ActiveCfg = Debug|Any CPU
		{262EE615-9410-436A-82D7-12EF7FA22763}.Release|Any CPU.Build.0 = Debug|Any CPU
		{CE64B5FE-1D52-442A-9CDC-13C568871FCA}.Debug|Any CPU.ActiveCfg = Debug|Any CPU
		{CE64B5FE-1D52-442A-9CDC-13C568871FCA}.Debug|Any CPU.Build.0 = Debug|Any CPU
		{CE64B5FE-1D52-442A-9CDC-13C568871FCA}.FullApp|Any CPU.ActiveCfg = Release|Any CPU
		{CE64B5FE-1D52-442A-9CDC-13C568871FCA}.FullApp|Any CPU.Build.0 = Release|Any CPU
		{CE64B5FE-1D52-442A-9CDC-13C568871FCA}.Release|Any CPU.ActiveCfg = Release|Any CPU
		{CE64B5FE-1D52-442A-9CDC-13C568871FCA}.Release|Any CPU.Build.0 = Release|Any CPU
		{7011C8D5-9946-4160-967C-775A8919932C}.Debug|Any CPU.ActiveCfg = Debug|Any CPU
		{7011C8D5-9946-4160-967C-775A8919932C}.Debug|Any CPU.Build.0 = Debug|Any CPU
		{7011C8D5-9946-4160-967C-775A8919932C}.FullApp|Any CPU.ActiveCfg = Release|Any CPU
		{7011C8D5-9946-4160-967C-775A8919932C}.FullApp|Any CPU.Build.0 = Release|Any CPU
		{7011C8D5-9946-4160-967C-775A8919932C}.Release|Any CPU.ActiveCfg = Release|Any CPU
		{7011C8D5-9946-4160-967C-775A8919932C}.Release|Any CPU.Build.0 = Release|Any CPU
		{BEE91DF6-662C-4EA1-98A5-4DE3ACA410FE}.Debug|Any CPU.ActiveCfg = Debug|Any CPU
		{BEE91DF6-662C-4EA1-98A5-4DE3ACA410FE}.Debug|Any CPU.Build.0 = Debug|Any CPU
		{BEE91DF6-662C-4EA1-98A5-4DE3ACA410FE}.FullApp|Any CPU.ActiveCfg = Debug|Any CPU
		{BEE91DF6-662C-4EA1-98A5-4DE3ACA410FE}.FullApp|Any CPU.Build.0 = Debug|Any CPU
		{BEE91DF6-662C-4EA1-98A5-4DE3ACA410FE}.Release|Any CPU.ActiveCfg = Debug|Any CPU
		{BEE91DF6-662C-4EA1-98A5-4DE3ACA410FE}.Release|Any CPU.Build.0 = Debug|Any CPU
		{A26618C9-727A-4B2B-9460-0515B1C54869}.Debug|Any CPU.ActiveCfg = Debug|Any CPU
		{A26618C9-727A-4B2B-9460-0515B1C54869}.Debug|Any CPU.Build.0 = Debug|Any CPU
		{A26618C9-727A-4B2B-9460-0515B1C54869}.FullApp|Any CPU.ActiveCfg = Debug|Any CPU
		{A26618C9-727A-4B2B-9460-0515B1C54869}.FullApp|Any CPU.Build.0 = Debug|Any CPU
		{A26618C9-727A-4B2B-9460-0515B1C54869}.Release|Any CPU.ActiveCfg = Debug|Any CPU
		{A26618C9-727A-4B2B-9460-0515B1C54869}.Release|Any CPU.Build.0 = Debug|Any CPU
		{E91377D4-2CA3-4FF2-9F8F-76B10664CBCD}.Debug|Any CPU.ActiveCfg = Debug|Any CPU
		{E91377D4-2CA3-4FF2-9F8F-76B10664CBCD}.Debug|Any CPU.Build.0 = Debug|Any CPU
		{E91377D4-2CA3-4FF2-9F8F-76B10664CBCD}.FullApp|Any CPU.ActiveCfg = Release|Any CPU
		{E91377D4-2CA3-4FF2-9F8F-76B10664CBCD}.FullApp|Any CPU.Build.0 = Release|Any CPU
		{E91377D4-2CA3-4FF2-9F8F-76B10664CBCD}.Release|Any CPU.ActiveCfg = Release|Any CPU
		{E91377D4-2CA3-4FF2-9F8F-76B10664CBCD}.Release|Any CPU.Build.0 = Release|Any CPU
		{F2DFC0A5-ABFB-4ECB-A648-A821387EEEB8}.Debug|Any CPU.ActiveCfg = Debug|Any CPU
		{F2DFC0A5-ABFB-4ECB-A648-A821387EEEB8}.Debug|Any CPU.Build.0 = Debug|Any CPU
		{F2DFC0A5-ABFB-4ECB-A648-A821387EEEB8}.FullApp|Any CPU.ActiveCfg = Release|Any CPU
		{F2DFC0A5-ABFB-4ECB-A648-A821387EEEB8}.FullApp|Any CPU.Build.0 = Release|Any CPU
		{F2DFC0A5-ABFB-4ECB-A648-A821387EEEB8}.Release|Any CPU.ActiveCfg = Release|Any CPU
		{F2DFC0A5-ABFB-4ECB-A648-A821387EEEB8}.Release|Any CPU.Build.0 = Release|Any CPU
		{2FE5ABC8-DB09-4391-AE03-991958DC79D6}.Debug|Any CPU.ActiveCfg = Debug|Any CPU
		{2FE5ABC8-DB09-4391-AE03-991958DC79D6}.Debug|Any CPU.Build.0 = Debug|Any CPU
		{2FE5ABC8-DB09-4391-AE03-991958DC79D6}.FullApp|Any CPU.ActiveCfg = Release|Any CPU
		{2FE5ABC8-DB09-4391-AE03-991958DC79D6}.FullApp|Any CPU.Build.0 = Release|Any CPU
		{2FE5ABC8-DB09-4391-AE03-991958DC79D6}.Release|Any CPU.ActiveCfg = Release|Any CPU
		{2FE5ABC8-DB09-4391-AE03-991958DC79D6}.Release|Any CPU.Build.0 = Release|Any CPU
		{DB3008F8-FEB5-4640-88B2-711C3287F833}.Debug|Any CPU.ActiveCfg = Debug|Any CPU
		{DB3008F8-FEB5-4640-88B2-711C3287F833}.Debug|Any CPU.Build.0 = Debug|Any CPU
		{DB3008F8-FEB5-4640-88B2-711C3287F833}.FullApp|Any CPU.ActiveCfg = Debug|Any CPU
		{DB3008F8-FEB5-4640-88B2-711C3287F833}.FullApp|Any CPU.Build.0 = Debug|Any CPU
		{DB3008F8-FEB5-4640-88B2-711C3287F833}.Release|Any CPU.ActiveCfg = Release|Any CPU
		{DB3008F8-FEB5-4640-88B2-711C3287F833}.Release|Any CPU.Build.0 = Release|Any CPU
		{0547BA30-AA20-48C8-BC89-F95E225A1676}.Debug|Any CPU.ActiveCfg = Debug|Any CPU
		{0547BA30-AA20-48C8-BC89-F95E225A1676}.Debug|Any CPU.Build.0 = Debug|Any CPU
		{0547BA30-AA20-48C8-BC89-F95E225A1676}.FullApp|Any CPU.ActiveCfg = FullApp|Any CPU
		{0547BA30-AA20-48C8-BC89-F95E225A1676}.FullApp|Any CPU.Build.0 = FullApp|Any CPU
		{0547BA30-AA20-48C8-BC89-F95E225A1676}.Release|Any CPU.ActiveCfg = Release|Any CPU
		{0547BA30-AA20-48C8-BC89-F95E225A1676}.Release|Any CPU.Build.0 = Release|Any CPU
		{17158B30-8D05-482F-9AF7-AD7131A86AFE}.Debug|Any CPU.ActiveCfg = Debug|Any CPU
		{17158B30-8D05-482F-9AF7-AD7131A86AFE}.Debug|Any CPU.Build.0 = Debug|Any CPU
		{17158B30-8D05-482F-9AF7-AD7131A86AFE}.FullApp|Any CPU.ActiveCfg = Debug|Any CPU
		{17158B30-8D05-482F-9AF7-AD7131A86AFE}.FullApp|Any CPU.Build.0 = Debug|Any CPU
		{17158B30-8D05-482F-9AF7-AD7131A86AFE}.Release|Any CPU.ActiveCfg = Release|Any CPU
		{17158B30-8D05-482F-9AF7-AD7131A86AFE}.Release|Any CPU.Build.0 = Release|Any CPU
		{29A9F30E-7C75-493C-BDBC-35A385E3E20C}.Debug|Any CPU.ActiveCfg = Debug|Any CPU
		{29A9F30E-7C75-493C-BDBC-35A385E3E20C}.Debug|Any CPU.Build.0 = Debug|Any CPU
		{29A9F30E-7C75-493C-BDBC-35A385E3E20C}.FullApp|Any CPU.ActiveCfg = Release|Any CPU
		{29A9F30E-7C75-493C-BDBC-35A385E3E20C}.FullApp|Any CPU.Build.0 = Release|Any CPU
		{29A9F30E-7C75-493C-BDBC-35A385E3E20C}.Release|Any CPU.ActiveCfg = Release|Any CPU
		{29A9F30E-7C75-493C-BDBC-35A385E3E20C}.Release|Any CPU.Build.0 = Release|Any CPU
	EndGlobalSection
	GlobalSection(SolutionProperties) = preSolution
		HideSolutionNode = FALSE
	EndGlobalSection
	GlobalSection(NestedProjects) = preSolution
		{0E2D421B-C4C1-4BF9-A68B-0754EF0E413E} = {C02B54AB-A96B-4D0B-8F5E-2C7432ADB98E}
		{41804AAD-EBD4-4FCD-B95D-C7C28165445F} = {0E2D421B-C4C1-4BF9-A68B-0754EF0E413E}
		{CCA875CF-D538-447C-ADC9-654DE6A2ECC2} = {C02B54AB-A96B-4D0B-8F5E-2C7432ADB98E}
		{270B87E6-9DBF-4F5A-89A5-4556B9B8C28D} = {CCA875CF-D538-447C-ADC9-654DE6A2ECC2}
		{35AB6AA4-643E-4377-8C27-F13AD950CAA6} = {270B87E6-9DBF-4F5A-89A5-4556B9B8C28D}
		{8CE6A10D-5CD6-4792-B028-1FBD5A3AD6BF} = {CCA875CF-D538-447C-ADC9-654DE6A2ECC2}
		{C3930BB7-2C3D-4858-B3D6-48B47EC4F64D} = {CCA875CF-D538-447C-ADC9-654DE6A2ECC2}
		{262EE615-9410-436A-82D7-12EF7FA22763} = {8CE6A10D-5CD6-4792-B028-1FBD5A3AD6BF}
		{CE64B5FE-1D52-442A-9CDC-13C568871FCA} = {C3930BB7-2C3D-4858-B3D6-48B47EC4F64D}
		{7011C8D5-9946-4160-967C-775A8919932C} = {C3930BB7-2C3D-4858-B3D6-48B47EC4F64D}
		{48B69F06-3891-423D-80D2-4B8CA59A3B28} = {C02B54AB-A96B-4D0B-8F5E-2C7432ADB98E}
		{BEE91DF6-662C-4EA1-98A5-4DE3ACA410FE} = {48B69F06-3891-423D-80D2-4B8CA59A3B28}
		{8B7B1742-8DBF-419D-8A59-2D1EA6BE3BC3} = {C02B54AB-A96B-4D0B-8F5E-2C7432ADB98E}
		{09726494-2209-4550-B285-E3E65D6787F3} = {8B7B1742-8DBF-419D-8A59-2D1EA6BE3BC3}
		{187BC570-8FFA-470D-B153-4381DBED178C} = {8B7B1742-8DBF-419D-8A59-2D1EA6BE3BC3}
		{C9A5CD09-F535-4D46-8B78-4ED2CBDC9E9B} = {8B7B1742-8DBF-419D-8A59-2D1EA6BE3BC3}
		{C0B8162A-01D0-4777-8EC8-6733A1D6A55E} = {8B7B1742-8DBF-419D-8A59-2D1EA6BE3BC3}
		{A26618C9-727A-4B2B-9460-0515B1C54869} = {09726494-2209-4550-B285-E3E65D6787F3}
		{E91377D4-2CA3-4FF2-9F8F-76B10664CBCD} = {187BC570-8FFA-470D-B153-4381DBED178C}
		{F2DFC0A5-ABFB-4ECB-A648-A821387EEEB8} = {C9A5CD09-F535-4D46-8B78-4ED2CBDC9E9B}
		{2FE5ABC8-DB09-4391-AE03-991958DC79D6} = {C0B8162A-01D0-4777-8EC8-6733A1D6A55E}
		{DB3008F8-FEB5-4640-88B2-711C3287F833} = {922057F1-206B-46BF-BE8A-A8B09C00A121}
		{922057F1-206B-46BF-BE8A-A8B09C00A121} = {8B7B1742-8DBF-419D-8A59-2D1EA6BE3BC3}
		{0547BA30-AA20-48C8-BC89-F95E225A1676} = {C3930BB7-2C3D-4858-B3D6-48B47EC4F64D}
		{7771BDC4-52BD-4FA1-B940-6FA772F90A5B} = {8B7B1742-8DBF-419D-8A59-2D1EA6BE3BC3}
		{17158B30-8D05-482F-9AF7-AD7131A86AFE} = {7771BDC4-52BD-4FA1-B940-6FA772F90A5B}
	EndGlobalSection
	GlobalSection(ExtensibilityGlobals) = postSolution
		SolutionGuid = {FC488040-02B2-46DF-A2ED-5CB41ED360C9}
	EndGlobalSection
EndGlobal
